
Microsoft Visual Studio Solution File, Format Version 12.00
# Visual Studio 15
VisualStudioVersion = 15.0.27130.2036
MinimumVisualStudioVersion = 10.0.40219.1
Project("{FAE04EC0-301F-11D3-BF4B-00C04F79EFBC}") = "FinalCapstoneMVC", "FinalCapstoneMVC\FinalCapstoneMVC.csproj", "{625D39F7-84AB-4712-AAD6-B3DB69A15CCA}"
EndProject
Global
	GlobalSection(SolutionConfigurationPlatforms) = preSolution
		Debug|Any CPU = Debug|Any CPU
		Release|Any CPU = Release|Any CPU
	EndGlobalSection
	GlobalSection(ProjectConfigurationPlatforms) = postSolution
		{625D39F7-84AB-4712-AAD6-B3DB69A15CCA}.Debug|Any CPU.ActiveCfg = Debug|Any CPU
		{625D39F7-84AB-4712-AAD6-B3DB69A15CCA}.Debug|Any CPU.Build.0 = Debug|Any CPU
		{625D39F7-84AB-4712-AAD6-B3DB69A15CCA}.Release|Any CPU.ActiveCfg = Release|Any CPU
		{625D39F7-84AB-4712-AAD6-B3DB69A15CCA}.Release|Any CPU.Build.0 = Release|Any CPU
	EndGlobalSection
	GlobalSection(SolutionProperties) = preSolution
		HideSolutionNode = FALSE
	EndGlobalSection
	GlobalSection(ExtensibilityGlobals) = postSolution
		SolutionGuid = {5ED0C1C2-1E97-49C7-90A8-AD7A0B201DB6}
	EndGlobalSection
EndGlobal
